{
  "requires": true,
  "lockfileVersion": 1,
  "dependencies": {
    "lottie-web": {
      "version": "5.5.9",
      "resolved": "https://registry.npmjs.org/lottie-web/-/lottie-web-5.5.9.tgz",
      "integrity": "sha512-3Zdxnuyi6WXnMj+0ZfwDd17EXCM87Hcbhd+sVFq6EPGfkVoGzoIkZt9OafcgXw4mzjyILOkPDLaBumrgGKoCaw=="
    }
  }
}
